
Microsoft Visual Studio Solution File, Format Version 12.00
# Visual Studio 15
VisualStudioVersion = 15.0.28307.1022
MinimumVisualStudioVersion = 10.0.40219.1
Project("{8BC9CEB8-8B4A-11D0-8D11-00A0C91BC942}") = "LearnOpenGL", "LearnOpenGL\LearnOpenGL.vcxproj", "{5ADF1EC0-7121-4255-B4CB-60E2C3A43B56}"
EndProject
Global
	GlobalSection(SolutionConfigurationPlatforms) = preSolution
		Debug|x64 = Debug|x64
		Debug|x86 = Debug|x86
		Release|x64 = Release|x64
		Release|x86 = Release|x86
	EndGlobalSection
	GlobalSection(ProjectConfigurationPlatforms) = postSolution
		{5ADF1EC0-7121-4255-B4CB-60E2C3A43B56}.Debug|x64.ActiveCfg = Debug|x64
		{5ADF1EC0-7121-4255-B4CB-60E2C3A43B56}.Debug|x64.Build.0 = Debug|x64
		{5ADF1EC0-7121-4255-B4CB-60E2C3A43B56}.Debug|x86.ActiveCfg = Debug|Win32
		{5ADF1EC0-7121-4255-B4CB-60E2C3A43B56}.Debug|x86.Build.0 = Debug|Win32
		{5ADF1EC0-7121-4255-B4CB-60E2C3A43B56}.Release|x64.ActiveCfg = Release|x64
		{5ADF1EC0-7121-4255-B4CB-60E2C3A43B56}.Release|x64.Build.0 = Release|x64
		{5ADF1EC0-7121-4255-B4CB-60E2C3A43B56}.Release|x86.ActiveCfg = Release|Win32
		{5ADF1EC0-7121-4255-B4CB-60E2C3A43B56}.Release|x86.Build.0 = Release|Win32
	EndGlobalSection
	GlobalSection(SolutionProperties) = preSolution
		HideSolutionNode = FALSE
	EndGlobalSection
	GlobalSection(ExtensibilityGlobals) = postSolution
		SolutionGuid = {9D1C51EE-32CE-4035-B684-E9501D1A77D7}
	EndGlobalSection
EndGlobal
